// !$*UTF8*$!
{
	archiveVersion = 1;
	classes = {
	};
	objectVersion = 48;
	objects = {

/* Begin PBXBuildFile section */
		C007224920C72623001B356A /* AppDelegate.swift in Sources */ = {isa = PBXBuildFile; fileRef = C007224820C72623001B356A /* AppDelegate.swift */; };
		C007224B20C72623001B356A /* ViewController.swift in Sources */ = {isa = PBXBuildFile; fileRef = C007224A20C72623001B356A /* ViewController.swift */; };
		C007224E20C72623001B356A /* Main.storyboard in Resources */ = {isa = PBXBuildFile; fileRef = C007224C20C72623001B356A /* Main.storyboard */; };
		C007225020C72623001B356A /* Assets.xcassets in Resources */ = {isa = PBXBuildFile; fileRef = C007224F20C72623001B356A /* Assets.xcassets */; };
		C007225320C72623001B356A /* LaunchScreen.storyboard in Resources */ = {isa = PBXBuildFile; fileRef = C007225120C72623001B356A /* LaunchScreen.storyboard */; };
		C007225E20C72624001B356A /* Effort_LevelTests.swift in Sources */ = {isa = PBXBuildFile; fileRef = C007225D20C72624001B356A /* Effort_LevelTests.swift */; };
		C007226920C72624001B356A /* Effort_LevelUITests.swift in Sources */ = {isa = PBXBuildFile; fileRef = C007226820C72624001B356A /* Effort_LevelUITests.swift */; };
		C007227920C7299B001B356A /* background.jpg in Resources */ = {isa = PBXBuildFile; fileRef = C007227820C7299A001B356A /* background.jpg */; };
/* End PBXBuildFile section */

/* Begin PBXContainerItemProxy section */
		C007225A20C72624001B356A /* PBXContainerItemProxy */ = {
			isa = PBXContainerItemProxy;
			containerPortal = C007223D20C72623001B356A /* Project object */;
			proxyType = 1;
			remoteGlobalIDString = C007224420C72623001B356A;
			remoteInfo = "Effort Level";
		};
		C007226520C72624001B356A /* PBXContainerItemProxy */ = {
			isa = PBXContainerItemProxy;
			containerPortal = C007223D20C72623001B356A /* Project object */;
			proxyType = 1;
			remoteGlobalIDString = C007224420C72623001B356A;
			remoteInfo = "Effort Level";
		};
/* End PBXContainerItemProxy section */

/* Begin PBXFileReference section */
		C007224520C72623001B356A /* Effort Level.app */ = {isa = PBXFileReference; explicitFileType = wrapper.application; includeInIndex = 0; path = "Effort Level.app"; sourceTree = BUILT_PRODUCTS_DIR; };
		C007224820C72623001B356A /* AppDelegate.swift */ = {isa = PBXFileReference; lastKnownFileType = sourcecode.swift; path = AppDelegate.swift; sourceTree = "<group>"; };
		C007224A20C72623001B356A /* ViewController.swift */ = {isa = PBXFileReference; lastKnownFileType = sourcecode.swift; path = ViewController.swift; sourceTree = "<group>"; };
		C007224D20C72623001B356A /* Base */ = {isa = PBXFileReference; lastKnownFileType = file.storyboard; name = Base; path = Base.lproj/Main.storyboard; sourceTree = "<group>"; };
		C007224F20C72623001B356A /* Assets.xcassets */ = {isa = PBXFileReference; lastKnownFileType = folder.assetcatalog; path = Assets.xcassets; sourceTree = "<group>"; };
		C007225220C72623001B356A /* Base */ = {isa = PBXFileReference; lastKnownFileType = file.storyboard; name = Base; path = Base.lproj/LaunchScreen.storyboard; sourceTree = "<group>"; };
		C007225420C72623001B356A /* Info.plist */ = {isa = PBXFileReference; lastKnownFileType = text.plist.xml; path = Info.plist; sourceTree = "<group>"; };
		C007225920C72624001B356A /* Effort LevelTests.xctest */ = {isa = PBXFileReference; explicitFileType = wrapper.cfbundle; includeInIndex = 0; path = "Effort LevelTests.xctest"; sourceTree = BUILT_PRODUCTS_DIR; };
		C007225D20C72624001B356A /* Effort_LevelTests.swift */ = {isa = PBXFileReference; lastKnownFileType = sourcecode.swift; path = Effort_LevelTests.swift; sourceTree = "<group>"; };
		C007225F20C72624001B356A /* Info.plist */ = {isa = PBXFileReference; lastKnownFileType = text.plist.xml; path = Info.plist; sourceTree = "<group>"; };
		C007226420C72624001B356A /* Effort LevelUITests.xctest */ = {isa = PBXFileReference; explicitFileType = wrapper.cfbundle; includeInIndex = 0; path = "Effort LevelUITests.xctest"; sourceTree = BUILT_PRODUCTS_DIR; };
		C007226820C72624001B356A /* Effort_LevelUITests.swift */ = {isa = PBXFileReference; lastKnownFileType = sourcecode.swift; path = Effort_LevelUITests.swift; sourceTree = "<group>"; };
		C007226A20C72624001B356A /* Info.plist */ = {isa = PBXFileReference; lastKnownFileType = text.plist.xml; path = Info.plist; sourceTree = "<group>"; };
		C007227820C7299A001B356A /* background.jpg */ = {isa = PBXFileReference; lastKnownFileType = image.jpeg; path = background.jpg; sourceTree = "<group>"; };
/* End PBXFileReference section */

/* Begin PBXFrameworksBuildPhase section */
		C007224220C72623001B356A /* Frameworks */ = {
			isa = PBXFrameworksBuildPhase;
			buildActionMask = 2147483647;
			files = (
			);
			runOnlyForDeploymentPostprocessing = 0;
		};
		C007225620C72624001B356A /* Frameworks */ = {
			isa = PBXFrameworksBuildPhase;
			buildActionMask = 2147483647;
			files = (
			);
			runOnlyForDeploymentPostprocessing = 0;
		};
		C007226120C72624001B356A /* Frameworks */ = {
			isa = PBXFrameworksBuildPhase;
			buildActionMask = 2147483647;
			files = (
			);
			runOnlyForDeploymentPostprocessing = 0;
		};
/* End PBXFrameworksBuildPhase section */

/* Begin PBXGroup section */
		C007223C20C72623001B356A = {
			isa = PBXGroup;
			children = (
				C007224720C72623001B356A /* Effort Level */,
				C007225C20C72624001B356A /* Effort LevelTests */,
				C007226720C72624001B356A /* Effort LevelUITests */,
				C007224620C72623001B356A /* Products */,
			);
			sourceTree = "<group>";
		};
		C007224620C72623001B356A /* Products */ = {
			isa = PBXGroup;
			children = (
				C007224520C72623001B356A /* Effort Level.app */,
				C007225920C72624001B356A /* Effort LevelTests.xctest */,
				C007226420C72624001B356A /* Effort LevelUITests.xctest */,
			);
			name = Products;
			sourceTree = "<group>";
		};
		C007224720C72623001B356A /* Effort Level */ = {
			isa = PBXGroup;
			children = (
				C007227820C7299A001B356A /* background.jpg */,
				C007224820C72623001B356A /* AppDelegate.swift */,
				C007224A20C72623001B356A /* ViewController.swift */,
				C007224C20C72623001B356A /* Main.storyboard */,
				C007224F20C72623001B356A /* Assets.xcassets */,
				C007225120C72623001B356A /* LaunchScreen.storyboard */,
				C007225420C72623001B356A /* Info.plist */,
			);
			path = "Effort Level";
			sourceTree = "<group>";
		};
		C007225C20C72624001B356A /* Effort LevelTests */ = {
			isa = PBXGroup;
			children = (
				C007225D20C72624001B356A /* Effort_LevelTests.swift */,
				C007225F20C72624001B356A /* Info.plist */,
			);
			path = "Effort LevelTests";
			sourceTree = "<group>";
		};
		C007226720C72624001B356A /* Effort LevelUITests */ = {
			isa = PBXGroup;
			children = (
				C007226820C72624001B356A /* Effort_LevelUITests.swift */,
				C007226A20C72624001B356A /* Info.plist */,
			);
			path = "Effort LevelUITests";
			sourceTree = "<group>";
		};
/* End PBXGroup section */

/* Begin PBXNativeTarget section */
		C007224420C72623001B356A /* Effort Level */ = {
			isa = PBXNativeTarget;
			buildConfigurationList = C007226D20C72624001B356A /* Build configuration list for PBXNativeTarget "Effort Level" */;
			buildPhases = (
				C007224120C72623001B356A /* Sources */,
				C007224220C72623001B356A /* Frameworks */,
				C007224320C72623001B356A /* Resources */,
			);
			buildRules = (
			);
			dependencies = (
			);
			name = "Effort Level";
			productName = "Effort Level";
			productReference = C007224520C72623001B356A /* Effort Level.app */;
			productType = "com.apple.product-type.application";
		};
		C007225820C72624001B356A /* Effort LevelTests */ = {
			isa = PBXNativeTarget;
			buildConfigurationList = C007227020C72624001B356A /* Build configuration list for PBXNativeTarget "Effort LevelTests" */;
			buildPhases = (
				C007225520C72624001B356A /* Sources */,
				C007225620C72624001B356A /* Frameworks */,
				C007225720C72624001B356A /* Resources */,
			);
			buildRules = (
			);
			dependencies = (
				C007225B20C72624001B356A /* PBXTargetDependency */,
			);
			name = "Effort LevelTests";
			productName = "Effort LevelTests";
			productReference = C007225920C72624001B356A /* Effort LevelTests.xctest */;
			productType = "com.apple.product-type.bundle.unit-test";
		};
		C007226320C72624001B356A /* Effort LevelUITests */ = {
			isa = PBXNativeTarget;
			buildConfigurationList = C007227320C72624001B356A /* Build configuration list for PBXNativeTarget "Effort LevelUITests" */;
			buildPhases = (
				C007226020C72624001B356A /* Sources */,
				C007226120C72624001B356A /* Frameworks */,
				C007226220C72624001B356A /* Resources */,
			);
			buildRules = (
			);
			dependencies = (
				C007226620C72624001B356A /* PBXTargetDependency */,
			);
			name = "Effort LevelUITests";
			productName = "Effort LevelUITests";
			productReference = C007226420C72624001B356A /* Effort LevelUITests.xctest */;
			productType = "com.apple.product-type.bundle.ui-testing";
		};
/* End PBXNativeTarget section */

/* Begin PBXProject section */
		C007223D20C72623001B356A /* Project object */ = {
			isa = PBXProject;
			attributes = {
				LastSwiftUpdateCheck = 0920;
				LastUpgradeCheck = 0920;
				ORGANIZATIONNAME = "Grady Hilgendorf";
				TargetAttributes = {
					C007224420C72623001B356A = {
						CreatedOnToolsVersion = 9.2;
						ProvisioningStyle = Automatic;
					};
					C007225820C72624001B356A = {
						CreatedOnToolsVersion = 9.2;
						ProvisioningStyle = Automatic;
						TestTargetID = C007224420C72623001B356A;
					};
					C007226320C72624001B356A = {
						CreatedOnToolsVersion = 9.2;
						ProvisioningStyle = Automatic;
						TestTargetID = C007224420C72623001B356A;
					};
				};
			};
			buildConfigurationList = C007224020C72623001B356A /* Build configuration list for PBXProject "Effort Level" */;
			compatibilityVersion = "Xcode 8.0";
			developmentRegion = en;
			hasScannedForEncodings = 0;
			knownRegions = (
				en,
				Base,
			);
			mainGroup = C007223C20C72623001B356A;
			productRefGroup = C007224620C72623001B356A /* Products */;
			projectDirPath = "";
			projectRoot = "";
			targets = (
				C007224420C72623001B356A /* Effort Level */,
				C007225820C72624001B356A /* Effort LevelTests */,
				C007226320C72624001B356A /* Effort LevelUITests */,
			);
		};
/* End PBXProject section */

/* Begin PBXResourcesBuildPhase section */
		C007224320C72623001B356A /* Resources */ = {
			isa = PBXResourcesBuildPhase;
			buildActionMask = 2147483647;
			files = (
				C007225320C72623001B356A /* LaunchScreen.storyboard in Resources */,
				C007227920C7299B001B356A /* background.jpg in Resources */,
				C007225020C72623001B356A /* Assets.xcassets in Resources */,
				C007224E20C72623001B356A /* Main.storyboard in Resources */,
			);
			runOnlyForDeploymentPostprocessing = 0;
		};
		C007225720C72624001B356A /* Resources */ = {
			isa = PBXResourcesBuildPhase;
			buildActionMask = 2147483647;
			files = (
			);
			runOnlyForDeploymentPostprocessing = 0;
		};
		C007226220C72624001B356A /* Resources */ = {
			isa = PBXResourcesBuildPhase;
			buildActionMask = 2147483647;
			files = (
			);
			runOnlyForDeploymentPostprocessing = 0;
		};
/* End PBXResourcesBuildPhase section */

/* Begin PBXSourcesBuildPhase section */
		C007224120C72623001B356A /* Sources */ = {
			isa = PBXSourcesBuildPhase;
			buildActionMask = 2147483647;
			files = (
				C007224B20C72623001B356A /* ViewController.swift in Sources */,
				C007224920C72623001B356A /* AppDelegate.swift in Sources */,
			);
			runOnlyForDeploymentPostprocessing = 0;
		};
		C007225520C72624001B356A /* Sources */ = {
			isa = PBXSourcesBuildPhase;
			buildActionMask = 2147483647;
			files = (
				C007225E20C72624001B356A /* Effort_LevelTests.swift in Sources */,
			);
			runOnlyForDeploymentPostprocessing = 0;
		};
		C007226020C72624001B356A /* Sources */ = {
			isa = PBXSourcesBuildPhase;
			buildActionMask = 2147483647;
			files = (
				C007226920C72624001B356A /* Effort_LevelUITests.swift in Sources */,
			);
			runOnlyForDeploymentPostprocessing = 0;
		};
/* End PBXSourcesBuildPhase section */

/* Begin PBXTargetDependency section */
		C007225B20C72624001B356A /* PBXTargetDependency */ = {
			isa = PBXTargetDependency;
			target = C007224420C72623001B356A /* Effort Level */;
			targetProxy = C007225A20C72624001B356A /* PBXContainerItemProxy */;
		};
		C007226620C72624001B356A /* PBXTargetDependency */ = {
			isa = PBXTargetDependency;
			target = C007224420C72623001B356A /* Effort Level */;
			targetProxy = C007226520C72624001B356A /* PBXContainerItemProxy */;
		};
/* End PBXTargetDependency section */

/* Begin PBXVariantGroup section */
		C007224C20C72623001B356A /* Main.storyboard */ = {
			isa = PBXVariantGroup;
			children = (
				C007224D20C72623001B356A /* Base */,
			);
			name = Main.storyboard;
			sourceTree = "<group>";
		};
		C007225120C72623001B356A /* LaunchScreen.storyboard */ = {
			isa = PBXVariantGroup;
			children = (
				C007225220C72623001B356A /* Base */,
			);
			name = LaunchScreen.storyboard;
			sourceTree = "<group>";
		};
/* End PBXVariantGroup section */

/* Begin XCBuildConfiguration section */
		C007226B20C72624001B356A /* Debug */ = {
			isa = XCBuildConfiguration;
			buildSettings = {
				ALWAYS_SEARCH_USER_PATHS = NO;
				CLANG_ANALYZER_NONNULL = YES;
				CLANG_ANALYZER_NUMBER_OBJECT_CONVERSION = YES_AGGRESSIVE;
				CLANG_CXX_LANGUAGE_STANDARD = "gnu++14";
				CLANG_CXX_LIBRARY = "libc++";
				CLANG_ENABLE_MODULES = YES;
				CLANG_ENABLE_OBJC_ARC = YES;
				CLANG_WARN_BLOCK_CAPTURE_AUTORELEASING = YES;
				CLANG_WARN_BOOL_CONVERSION = YES;
				CLANG_WARN_COMMA = YES;
				CLANG_WARN_CONSTANT_CONVERSION = YES;
				CLANG_WARN_DIRECT_OBJC_ISA_USAGE = YES_ERROR;
				CLANG_WARN_DOCUMENTATION_COMMENTS = YES;
				CLANG_WARN_EMPTY_BODY = YES;
				CLANG_WARN_ENUM_CONVERSION = YES;
				CLANG_WARN_INFINITE_RECURSION = YES;
				CLANG_WARN_INT_CONVERSION = YES;
				CLANG_WARN_NON_LITERAL_NULL_CONVERSION = YES;
				CLANG_WARN_OBJC_LITERAL_CONVERSION = YES;
				CLANG_WARN_OBJC_ROOT_CLASS = YES_ERROR;
				CLANG_WARN_RANGE_LOOP_ANALYSIS = YES;
				CLANG_WARN_STRICT_PROTOTYPES = YES;
				CLANG_WARN_SUSPICIOUS_MOVE = YES;
				CLANG_WARN_UNGUARDED_AVAILABILITY = YES_AGGRESSIVE;
				CLANG_WARN_UNREACHABLE_CODE = YES;
				CLANG_WARN__DUPLICATE_METHOD_MATCH = YES;
				CODE_SIGN_IDENTITY = "iPhone Developer";
				COPY_PHASE_STRIP = NO;
				DEBUG_INFORMATION_FORMAT = dwarf;
				ENABLE_STRICT_OBJC_MSGSEND = YES;
				ENABLE_TESTABILITY = YES;
				GCC_C_LANGUAGE_STANDARD = gnu11;
				GCC_DYNAMIC_NO_PIC = NO;
				GCC_NO_COMMON_BLOCKS = YES;
				GCC_OPTIMIZATION_LEVEL = 0;
				GCC_PREPROCESSOR_DEFINITIONS = (
					"DEBUG=1",
					"$(inherited)",
				);
				GCC_WARN_64_TO_32_BIT_CONVERSION = YES;
				GCC_WARN_ABOUT_RETURN_TYPE = YES_ERROR;
				GCC_WARN_UNDECLARED_SELECTOR = YES;
				GCC_WARN_UNINITIALIZED_AUTOS = YES_AGGRESSIVE;
				GCC_WARN_UNUSED_FUNCTION = YES;
				GCC_WARN_UNUSED_VARIABLE = YES;
				IPHONEOS_DEPLOYMENT_TARGET = 11.2;
				MTL_ENABLE_DEBUG_INFO = YES;
				ONLY_ACTIVE_ARCH = YES;
				SDKROOT = iphoneos;
				SWIFT_ACTIVE_COMPILATION_CONDITIONS = DEBUG;
				SWIFT_OPTIMIZATION_LEVEL = "-Onone";
			};
			name = Debug;
		};
		C007226C20C72624001B356A /* Release */ = {
			isa = XCBuildConfiguration;
			buildSettings = {
				ALWAYS_SEARCH_USER_PATHS = NO;
				CLANG_ANALYZER_NONNULL = YES;
				CLANG_ANALYZER_NUMBER_OBJECT_CONVERSION = YES_AGGRESSIVE;
				CLANG_CXX_LANGUAGE_STANDARD = "gnu++14";
				CLANG_CXX_LIBRARY = "libc++";
				CLANG_ENABLE_MODULES = YES;
				CLANG_ENABLE_OBJC_ARC = YES;
				CLANG_WARN_BLOCK_CAPTURE_AUTORELEASING = YES;
				CLANG_WARN_BOOL_CONVERSION = YES;
				CLANG_WARN_COMMA = YES;
				CLANG_WARN_CONSTANT_CONVERSION = YES;
				CLANG_WARN_DIRECT_OBJC_ISA_USAGE = YES_ERROR;
				CLANG_WARN_DOCUMENTATION_COMMENTS = YES;
				CLANG_WARN_EMPTY_BODY = YES;
				CLANG_WARN_ENUM_CONVERSION = YES;
				CLANG_WARN_INFINITE_RECURSION = YES;
				CLANG_WARN_INT_CONVERSION = YES;
				CLANG_WARN_NON_LITERAL_NULL_CONVERSION = YES;
				CLANG_WARN_OBJC_LITERAL_CONVERSION = YES;
				CLANG_WARN_OBJC_ROOT_CLASS = YES_ERROR;
				CLANG_WARN_RANGE_LOOP_ANALYSIS = YES;
				CLANG_WARN_STRICT_PROTOTYPES = YES;
				CLANG_WARN_SUSPICIOUS_MOVE = YES;
				CLANG_WARN_UNGUARDED_AVAILABILITY = YES_AGGRESSIVE;
				CLANG_WARN_UNREACHABLE_CODE = YES;
				CLANG_WARN__DUPLICATE_METHOD_MATCH = YES;
				CODE_SIGN_IDENTITY = "iPhone Developer";
				COPY_PHASE_STRIP = NO;
				DEBUG_INFORMATION_FORMAT = "dwarf-with-dsym";
				ENABLE_NS_ASSERTIONS = NO;
				ENABLE_STRICT_OBJC_MSGSEND = YES;
				GCC_C_LANGUAGE_STANDARD = gnu11;
				GCC_NO_COMMON_BLOCKS = YES;
				GCC_WARN_64_TO_32_BIT_CONVERSION = YES;
				GCC_WARN_ABOUT_RETURN_TYPE = YES_ERROR;
				GCC_WARN_UNDECLARED_SELECTOR = YES;
				GCC_WARN_UNINITIALIZED_AUTOS = YES_AGGRESSIVE;
				GCC_WARN_UNUSED_FUNCTION = YES;
				GCC_WARN_UNUSED_VARIABLE = YES;
				IPHONEOS_DEPLOYMENT_TARGET = 11.2;
				MTL_ENABLE_DEBUG_INFO = NO;
				SDKROOT = iphoneos;
				SWIFT_OPTIMIZATION_LEVEL = "-Owholemodule";
				VALIDATE_PRODUCT = YES;
			};
			name = Release;
		};
		C007226E20C72624001B356A /* Debug */ = {
			isa = XCBuildConfiguration;
			buildSettings = {
				ASSETCATALOG_COMPILER_APPICON_NAME = AppIcon;
				CODE_SIGN_STYLE = Automatic;
				DEVELOPMENT_TEAM = 6EQ575L8H8;
				INFOPLIST_FILE = "Effort Level/Info.plist";
				LD_RUNPATH_SEARCH_PATHS = "$(inherited) @executable_path/Frameworks";
				PRODUCT_BUNDLE_IDENTIFIER = "GHproducts.Effort-Level";
				PRODUCT_NAME = "$(TARGET_NAME)";
				SWIFT_VERSION = 4.0;
				TARGETED_DEVICE_FAMILY = "1,2";
			};
			name = Debug;
		};
		C007226F20C72624001B356A /* Release */ = {
			isa = XCBuildConfiguration;
			buildSettings = {
				ASSETCATALOG_COMPILER_APPICON_NAME = AppIcon;
				CODE_SIGN_STYLE = Automatic;
				DEVELOPMENT_TEAM = 6EQ575L8H8;
				INFOPLIST_FILE = "Effort Level/Info.plist";
				LD_RUNPATH_SEARCH_PATHS = "$(inherited) @executable_path/Frameworks";
				PRODUCT_BUNDLE_IDENTIFIER = "GHproducts.Effort-Level";
				PRODUCT_NAME = "$(TARGET_NAME)";
				SWIFT_VERSION = 4.0;
				TARGETED_DEVICE_FAMILY = "1,2";
			};
			name = Release;
		};
		C007227120C72624001B356A /* Debug */ = {
			isa = XCBuildConfiguration;
			buildSettings = {
				ALWAYS_EMBED_SWIFT_STANDARD_LIBRARIES = YES;
				BUNDLE_LOADER = "$(TEST_HOST)";
				CODE_SIGN_STYLE = Automatic;
				DEVELOPMENT_TEAM = 6EQ575L8H8;
				INFOPLIST_FILE = "Effort LevelTests/Info.plist";
				LD_RUNPATH_SEARCH_PATHS = "$(inherited) @executable_path/Frameworks @loader_path/Frameworks";
				PRODUCT_BUNDLE_IDENTIFIER = "GHproducts.Effort-LevelTests";
				PRODUCT_NAME = "$(TARGET_NAME)";
				SWIFT_VERSION = 4.0;
				TARGETED_DEVICE_FAMILY = "1,2";
				TEST_HOST = "$(BUILT_PRODUCTS_DIR)/Effort Level.app/Effort Level";
			};
			name = Debug;
		};
		C007227220C72624001B356A /* Release */ = {
			isa = XCBuildConfiguration;
			buildSettings = {
				ALWAYS_EMBED_SWIFT_STANDARD_LIBRARIES = YES;
				BUNDLE_LOADER = "$(TEST_HOST)";
				CODE_SIGN_STYLE = Automatic;
				DEVELOPMENT_TEAM = 6EQ575L8H8;
				INFOPLIST_FILE = "Effort LevelTests/Info.plist";
				LD_RUNPATH_SEARCH_PATHS = "$(inherited) @executable_path/Frameworks @loader_path/Frameworks";
				PRODUCT_BUNDLE_IDENTIFIER = "GHproducts.Effort-LevelTests";
				PRODUCT_NAME = "$(TARGET_NAME)";
				SWIFT_VERSION = 4.0;
				TARGETED_DEVICE_FAMILY = "1,2";
				TEST_HOST = "$(BUILT_PRODUCTS_DIR)/Effort Level.app/Effort Level";
			};
			name = Release;
		};
		C007227420C72624001B356A /* Debug */ = {
			isa = XCBuildConfiguration;
			buildSettings = {
				ALWAYS_EMBED_SWIFT_STANDARD_LIBRARIES = YES;
				CODE_SIGN_STYLE = Automatic;
				DEVELOPMENT_TEAM = 6EQ575L8H8;
				INFOPLIST_FILE = "Effort LevelUITests/Info.plist";
				LD_RUNPATH_SEARCH_PATHS = "$(inherited) @executable_path/Frameworks @loader_path/Frameworks";
				PRODUCT_BUNDLE_IDENTIFIER = "GHproducts.Effort-LevelUITests";
				PRODUCT_NAME = "$(TARGET_NAME)";
				SWIFT_VERSION = 4.0;
				TARGETED_DEVICE_FAMILY = "1,2";
				TEST_TARGET_NAME = "Effort Level";
			};
			name = Debug;
		};
		C007227520C72624001B356A /* Release */ = {
			isa = XCBuildConfiguration;
			buildSettings = {
				ALWAYS_EMBED_SWIFT_STANDARD_LIBRARIES = YES;
				CODE_SIGN_STYLE = Automatic;
				DEVELOPMENT_TEAM = 6EQ575L8H8;
				INFOPLIST_FILE = "Effort LevelUITests/Info.plist";
				LD_RUNPATH_SEARCH_PATHS = "$(inherited) @executable_path/Frameworks @loader_path/Frameworks";
				PRODUCT_BUNDLE_IDENTIFIER = "GHproducts.Effort-LevelUITests";
				PRODUCT_NAME = "$(TARGET_NAME)";
				SWIFT_VERSION = 4.0;
				TARGETED_DEVICE_FAMILY = "1,2";
				TEST_TARGET_NAME = "Effort Level";
			};
			name = Release;
		};
/* End XCBuildConfiguration section */

/* Begin XCConfigurationList section */
		C007224020C72623001B356A /* Build configuration list for PBXProject "Effort Level" */ = {
			isa = XCConfigurationList;
			buildConfigurations = (
				C007226B20C72624001B356A /* Debug */,
				C007226C20C72624001B356A /* Release */,
			);
			defaultConfigurationIsVisible = 0;
			defaultConfigurationName = Release;
		};
		C007226D20C72624001B356A /* Build configuration list for PBXNativeTarget "Effort Level" */ = {
			isa = XCConfigurationList;
			buildConfigurations = (
				C007226E20C72624001B356A /* Debug */,
				C007226F20C72624001B356A /* Release */,
			);
			defaultConfigurationIsVisible = 0;
			defaultConfigurationName = Release;
		};
		C007227020C72624001B356A /* Build configuration list for PBXNativeTarget "Effort LevelTests" */ = {
			isa = XCConfigurationList;
			buildConfigurations = (
				C007227120C72624001B356A /* Debug */,
				C007227220C72624001B356A /* Release */,
			);
			defaultConfigurationIsVisible = 0;
			defaultConfigurationName = Release;
		};
		C007227320C72624001B356A /* Build configuration list for PBXNativeTarget "Effort LevelUITests" */ = {
			isa = XCConfigurationList;
			buildConfigurations = (
				C007227420C72624001B356A /* Debug */,
				C007227520C72624001B356A /* Release */,
			);
			defaultConfigurationIsVisible = 0;
			defaultConfigurationName = Release;
		};
/* End XCConfigurationList section */
	};
	rootObject = C007223D20C72623001B356A /* Project object */;
}
